
Microsoft Visual Studio Solution File, Format Version 12.00
# Visual Studio Version 17
VisualStudioVersion = 17.5.002.0
MinimumVisualStudioVersion = 10.0.40219.1
Project("{2150E333-8FDC-42A3-9474-1A3956D46DE8}") = "csharp-prep", "csharp-prep", "{9468E784-13AD-4787-8951-C9C2A404B831}"
EndProject
Project("{9A19103F-16F7-4668-BE54-9A1E7A4F7556}") = "Prep1", "csharp-prep\Prep1\Prep1.csproj", "{24FE5201-B3D1-4F6B-BA40-0DE33461ABFC}"
EndProject
Project("{9A19103F-16F7-4668-BE54-9A1E7A4F7556}") = "Prep2", "csharp-prep\Prep2\Prep2.csproj", "{D393A583-36D2-4AE1-8599-906AE850D2CF}"
EndProject
Project("{9A19103F-16F7-4668-BE54-9A1E7A4F7556}") = "Prep3", "csharp-prep\Prep3\Prep3.csproj", "{075100AD-C7DB-4E93-8306-61C0D7D4667C}"
EndProject
Project("{9A19103F-16F7-4668-BE54-9A1E7A4F7556}") = "Prep4", "csharp-prep\Prep4\Prep4.csproj", "{C193FAE1-4333-4C81-8806-7198C52B4B94}"
EndProject
Project("{9A19103F-16F7-4668-BE54-9A1E7A4F7556}") = "Prep5", "csharp-prep\Prep5\Prep5.csproj", "{65FF4233-3BFA-437A-B19F-A8E431AF4748}"
EndProject
Project("{2150E333-8FDC-42A3-9474-1A3956D46DE8}") = "final", "final", "{EB5372E5-04CE-4C54-9FD8-DE13776E7D3E}"
EndProject
Project("{9A19103F-16F7-4668-BE54-9A1E7A4F7556}") = "FinalProject", "final\FinalProject\FinalProject.csproj", "{DC6A7FCF-8BEC-4ED9-B44D-D44CAB7C2541}"
EndProject
Project("{9A19103F-16F7-4668-BE54-9A1E7A4F7556}") = "Foundation1", "final\Foundation1\Foundation1.csproj", "{B6D519A7-07CE-46C1-BC07-36CEEA1551AF}"
EndProject
Project("{9A19103F-16F7-4668-BE54-9A1E7A4F7556}") = "Foundation2", "final\Foundation2\Foundation2.csproj", "{B6F3AFD2-AA28-499C-BAF3-F3077F1DB5E9}"
EndProject
Project("{9A19103F-16F7-4668-BE54-9A1E7A4F7556}") = "Foundation3", "final\Foundation3\Foundation3.csproj", "{006B5DE2-030C-413D-8F20-7B9454698E5A}"
EndProject
Project("{9A19103F-16F7-4668-BE54-9A1E7A4F7556}") = "Foundation4", "final\Foundation4\Foundation4.csproj", "{F11786D2-3163-4B68-9E43-CF20B2BF11D5}"
EndProject
Project("{2150E333-8FDC-42A3-9474-1A3956D46DE8}") = "prepare", "prepare", "{6EA83ACC-BD58-4C90-A864-483FA467FC0E}"
EndProject
Project("{9A19103F-16F7-4668-BE54-9A1E7A4F7556}") = "Learning02", "prepare\Learning02\Learning02.csproj", "{D85C0560-CAD4-497B-AE7C-BD3348B899C2}"
EndProject
Project("{9A19103F-16F7-4668-BE54-9A1E7A4F7556}") = "Learning03", "prepare\Learning03\Learning03.csproj", "{7D9403F8-BFA3-4EEA-9293-C1306CB3D63D}"
EndProject
Project("{9A19103F-16F7-4668-BE54-9A1E7A4F7556}") = "Learning04", "prepare\Learning04\Learning04.csproj", "{794521D5-FA14-4741-9134-144023724E6B}"
EndProject
Project("{9A19103F-16F7-4668-BE54-9A1E7A4F7556}") = "Learning05", "prepare\Learning05\Learning05.csproj", "{609CF1AD-5870-469B-BF0D-59ABFCC593E9}"
EndProject
Project("{2150E333-8FDC-42A3-9474-1A3956D46DE8}") = "prove", "prove", "{55016071-B162-4020-A7D5-A7348AC26913}"
EndProject
Project("{9A19103F-16F7-4668-BE54-9A1E7A4F7556}") = "Develop02", "prove\Develop02\Develop02.csproj", "{4D70A990-2008-4280-B4AB-518883808CBC}"
EndProject
Project("{9A19103F-16F7-4668-BE54-9A1E7A4F7556}") = "Develop03", "prove\Develop03\Develop03.csproj", "{8AE9542A-19D7-409E-A693-49CF1F7E9305}"
EndProject
Project("{9A19103F-16F7-4668-BE54-9A1E7A4F7556}") = "Develop04", "prove\Develop04\Develop04.csproj", "{259A0D41-6EE5-42A3-867F-DF652EFAE055}"
EndProject
Project("{9A19103F-16F7-4668-BE54-9A1E7A4F7556}") = "Develop05", "prove\Develop05\Develop05.csproj", "{7D87BADC-DF44-4718-A994-A315B9B41730}"
EndProject
Project("{2150E333-8FDC-42A3-9474-1A3956D46DE8}") = "sandbox", "sandbox", "{6954F914-C3AC-4946-9EC6-B9F9804C9E27}"
EndProject
Project("{9A19103F-16F7-4668-BE54-9A1E7A4F7556}") = "Sandbox", "sandbox\Sandbox\Sandbox.csproj", "{7E4C7BD0-8E86-43EA-8D5F-FFE8333D4520}"
EndProject
Global
	GlobalSection(SolutionConfigurationPlatforms) = preSolution
		Debug|Any CPU = Debug|Any CPU
		Release|Any CPU = Release|Any CPU
	EndGlobalSection
	GlobalSection(ProjectConfigurationPlatforms) = postSolution
		{24FE5201-B3D1-4F6B-BA40-0DE33461ABFC}.Debug|Any CPU.ActiveCfg = Debug|Any CPU
		{24FE5201-B3D1-4F6B-BA40-0DE33461ABFC}.Debug|Any CPU.Build.0 = Debug|Any CPU
		{24FE5201-B3D1-4F6B-BA40-0DE33461ABFC}.Release|Any CPU.ActiveCfg = Release|Any CPU
		{24FE5201-B3D1-4F6B-BA40-0DE33461ABFC}.Release|Any CPU.Build.0 = Release|Any CPU
		{D393A583-36D2-4AE1-8599-906AE850D2CF}.Debug|Any CPU.ActiveCfg = Debug|Any CPU
		{D393A583-36D2-4AE1-8599-906AE850D2CF}.Debug|Any CPU.Build.0 = Debug|Any CPU
		{D393A583-36D2-4AE1-8599-906AE850D2CF}.Release|Any CPU.ActiveCfg = Release|Any CPU
		{D393A583-36D2-4AE1-8599-906AE850D2CF}.Release|Any CPU.Build.0 = Release|Any CPU
		{075100AD-C7DB-4E93-8306-61C0D7D4667C}.Debug|Any CPU.ActiveCfg = Debug|Any CPU
		{075100AD-C7DB-4E93-8306-61C0D7D4667C}.Debug|Any CPU.Build.0 = Debug|Any CPU
		{075100AD-C7DB-4E93-8306-61C0D7D4667C}.Release|Any CPU.ActiveCfg = Release|Any CPU
		{075100AD-C7DB-4E93-8306-61C0D7D4667C}.Release|Any CPU.Build.0 = Release|Any CPU
		{C193FAE1-4333-4C81-8806-7198C52B4B94}.Debug|Any CPU.ActiveCfg = Debug|Any CPU
		{C193FAE1-4333-4C81-8806-7198C52B4B94}.Debug|Any CPU.Build.0 = Debug|Any CPU
		{C193FAE1-4333-4C81-8806-7198C52B4B94}.Release|Any CPU.ActiveCfg = Release|Any CPU
		{C193FAE1-4333-4C81-8806-7198C52B4B94}.Release|Any CPU.Build.0 = Release|Any CPU
		{65FF4233-3BFA-437A-B19F-A8E431AF4748}.Debug|Any CPU.ActiveCfg = Debug|Any CPU
		{65FF4233-3BFA-437A-B19F-A8E431AF4748}.Debug|Any CPU.Build.0 = Debug|Any CPU
		{65FF4233-3BFA-437A-B19F-A8E431AF4748}.Release|Any CPU.ActiveCfg = Release|Any CPU
		{65FF4233-3BFA-437A-B19F-A8E431AF4748}.Release|Any CPU.Build.0 = Release|Any CPU
		{DC6A7FCF-8BEC-4ED9-B44D-D44CAB7C2541}.Debug|Any CPU.ActiveCfg = Debug|Any CPU
		{DC6A7FCF-8BEC-4ED9-B44D-D44CAB7C2541}.Debug|Any CPU.Build.0 = Debug|Any CPU
		{DC6A7FCF-8BEC-4ED9-B44D-D44CAB7C2541}.Release|Any CPU.ActiveCfg = Release|Any CPU
		{DC6A7FCF-8BEC-4ED9-B44D-D44CAB7C2541}.Release|Any CPU.Build.0 = Release|Any CPU
		{B6D519A7-07CE-46C1-BC07-36CEEA1551AF}.Debug|Any CPU.ActiveCfg = Debug|Any CPU
		{B6D519A7-07CE-46C1-BC07-36CEEA1551AF}.Debug|Any CPU.Build.0 = Debug|Any CPU
		{B6D519A7-07CE-46C1-BC07-36CEEA1551AF}.Release|Any CPU.ActiveCfg = Release|Any CPU
		{B6D519A7-07CE-46C1-BC07-36CEEA1551AF}.Release|Any CPU.Build.0 = Release|Any CPU
		{B6F3AFD2-AA28-499C-BAF3-F3077F1DB5E9}.Debug|Any CPU.ActiveCfg = Debug|Any CPU
		{B6F3AFD2-AA28-499C-BAF3-F3077F1DB5E9}.Debug|Any CPU.Build.0 = Debug|Any CPU
		{B6F3AFD2-AA28-499C-BAF3-F3077F1DB5E9}.Release|Any CPU.ActiveCfg = Release|Any CPU
		{B6F3AFD2-AA28-499C-BAF3-F3077F1DB5E9}.Release|Any CPU.Build.0 = Release|Any CPU
		{006B5DE2-030C-413D-8F20-7B9454698E5A}.Debug|Any CPU.ActiveCfg = Debug|Any CPU
		{006B5DE2-030C-413D-8F20-7B9454698E5A}.Debug|Any CPU.Build.0 = Debug|Any CPU
		{006B5DE2-030C-413D-8F20-7B9454698E5A}.Release|Any CPU.ActiveCfg = Release|Any CPU
		{006B5DE2-030C-413D-8F20-7B9454698E5A}.Release|Any CPU.Build.0 = Release|Any CPU
		{F11786D2-3163-4B68-9E43-CF20B2BF11D5}.Debug|Any CPU.ActiveCfg = Debug|Any CPU
		{F11786D2-3163-4B68-9E43-CF20B2BF11D5}.Debug|Any CPU.Build.0 = Debug|Any CPU
		{F11786D2-3163-4B68-9E43-CF20B2BF11D5}.Release|Any CPU.ActiveCfg = Release|Any CPU
		{F11786D2-3163-4B68-9E43-CF20B2BF11D5}.Release|Any CPU.Build.0 = Release|Any CPU
		{D85C0560-CAD4-497B-AE7C-BD3348B899C2}.Debug|Any CPU.ActiveCfg = Debug|Any CPU
		{D85C0560-CAD4-497B-AE7C-BD3348B899C2}.Debug|Any CPU.Build.0 = Debug|Any CPU
		{D85C0560-CAD4-497B-AE7C-BD3348B899C2}.Release|Any CPU.ActiveCfg = Release|Any CPU
		{D85C0560-CAD4-497B-AE7C-BD3348B899C2}.Release|Any CPU.Build.0 = Release|Any CPU
		{7D9403F8-BFA3-4EEA-9293-C1306CB3D63D}.Debug|Any CPU.ActiveCfg = Debug|Any CPU
		{7D9403F8-BFA3-4EEA-9293-C1306CB3D63D}.Debug|Any CPU.Build.0 = Debug|Any CPU
		{7D9403F8-BFA3-4EEA-9293-C1306CB3D63D}.Release|Any CPU.ActiveCfg = Release|Any CPU
		{7D9403F8-BFA3-4EEA-9293-C1306CB3D63D}.Release|Any CPU.Build.0 = Release|Any CPU
		{794521D5-FA14-4741-9134-144023724E6B}.Debug|Any CPU.ActiveCfg = Debug|Any CPU
		{794521D5-FA14-4741-9134-144023724E6B}.Debug|Any CPU.Build.0 = Debug|Any CPU
		{794521D5-FA14-4741-9134-144023724E6B}.Release|Any CPU.ActiveCfg = Release|Any CPU
		{794521D5-FA14-4741-9134-144023724E6B}.Release|Any CPU.Build.0 = Release|Any CPU
		{609CF1AD-5870-469B-BF0D-59ABFCC593E9}.Debug|Any CPU.ActiveCfg = Debug|Any CPU
		{609CF1AD-5870-469B-BF0D-59ABFCC593E9}.Debug|Any CPU.Build.0 = Debug|Any CPU
		{609CF1AD-5870-469B-BF0D-59ABFCC593E9}.Release|Any CPU.ActiveCfg = Release|Any CPU
		{609CF1AD-5870-469B-BF0D-59ABFCC593E9}.Release|Any CPU.Build.0 = Release|Any CPU
		{4D70A990-2008-4280-B4AB-518883808CBC}.Debug|Any CPU.ActiveCfg = Debug|Any CPU
		{4D70A990-2008-4280-B4AB-518883808CBC}.Debug|Any CPU.Build.0 = Debug|Any CPU
		{4D70A990-2008-4280-B4AB-518883808CBC}.Release|Any CPU.ActiveCfg = Release|Any CPU
		{4D70A990-2008-4280-B4AB-518883808CBC}.Release|Any CPU.Build.0 = Release|Any CPU
		{8AE9542A-19D7-409E-A693-49CF1F7E9305}.Debug|Any CPU.ActiveCfg = Debug|Any CPU
		{8AE9542A-19D7-409E-A693-49CF1F7E9305}.Debug|Any CPU.Build.0 = Debug|Any CPU
		{8AE9542A-19D7-409E-A693-49CF1F7E9305}.Release|Any CPU.ActiveCfg = Release|Any CPU
		{8AE9542A-19D7-409E-A693-49CF1F7E9305}.Release|Any CPU.Build.0 = Release|Any CPU
		{259A0D41-6EE5-42A3-867F-DF652EFAE055}.Debug|Any CPU.ActiveCfg = Debug|Any CPU
		{259A0D41-6EE5-42A3-867F-DF652EFAE055}.Debug|Any CPU.Build.0 = Debug|Any CPU
		{259A0D41-6EE5-42A3-867F-DF652EFAE055}.Release|Any CPU.ActiveCfg = Release|Any CPU
		{259A0D41-6EE5-42A3-867F-DF652EFAE055}.Release|Any CPU.Build.0 = Release|Any CPU
		{7D87BADC-DF44-4718-A994-A315B9B41730}.Debug|Any CPU.ActiveCfg = Debug|Any CPU
		{7D87BADC-DF44-4718-A994-A315B9B41730}.Debug|Any CPU.Build.0 = Debug|Any CPU
		{7D87BADC-DF44-4718-A994-A315B9B41730}.Release|Any CPU.ActiveCfg = Release|Any CPU
		{7D87BADC-DF44-4718-A994-A315B9B41730}.Release|Any CPU.Build.0 = Release|Any CPU
		{7E4C7BD0-8E86-43EA-8D5F-FFE8333D4520}.Debug|Any CPU.ActiveCfg = Debug|Any CPU
		{7E4C7BD0-8E86-43EA-8D5F-FFE8333D4520}.Debug|Any CPU.Build.0 = Debug|Any CPU
		{7E4C7BD0-8E86-43EA-8D5F-FFE8333D4520}.Release|Any CPU.ActiveCfg = Release|Any CPU
		{7E4C7BD0-8E86-43EA-8D5F-FFE8333D4520}.Release|Any CPU.Build.0 = Release|Any CPU
	EndGlobalSection
	GlobalSection(SolutionProperties) = preSolution
		HideSolutionNode = FALSE
	EndGlobalSection
	GlobalSection(NestedProjects) = preSolution
		{24FE5201-B3D1-4F6B-BA40-0DE33461ABFC} = {9468E784-13AD-4787-8951-C9C2A404B831}
		{D393A583-36D2-4AE1-8599-906AE850D2CF} = {9468E784-13AD-4787-8951-C9C2A404B831}
		{075100AD-C7DB-4E93-8306-61C0D7D4667C} = {9468E784-13AD-4787-8951-C9C2A404B831}
		{C193FAE1-4333-4C81-8806-7198C52B4B94} = {9468E784-13AD-4787-8951-C9C2A404B831}
		{65FF4233-3BFA-437A-B19F-A8E431AF4748} = {9468E784-13AD-4787-8951-C9C2A404B831}
		{DC6A7FCF-8BEC-4ED9-B44D-D44CAB7C2541} = {EB5372E5-04CE-4C54-9FD8-DE13776E7D3E}
		{B6D519A7-07CE-46C1-BC07-36CEEA1551AF} = {EB5372E5-04CE-4C54-9FD8-DE13776E7D3E}
		{B6F3AFD2-AA28-499C-BAF3-F3077F1DB5E9} = {EB5372E5-04CE-4C54-9FD8-DE13776E7D3E}
		{006B5DE2-030C-413D-8F20-7B9454698E5A} = {EB5372E5-04CE-4C54-9FD8-DE13776E7D3E}
		{F11786D2-3163-4B68-9E43-CF20B2BF11D5} = {EB5372E5-04CE-4C54-9FD8-DE13776E7D3E}
		{D85C0560-CAD4-497B-AE7C-BD3348B899C2} = {6EA83ACC-BD58-4C90-A864-483FA467FC0E}
		{7D9403F8-BFA3-4EEA-9293-C1306CB3D63D} = {6EA83ACC-BD58-4C90-A864-483FA467FC0E}
		{794521D5-FA14-4741-9134-144023724E6B} = {6EA83ACC-BD58-4C90-A864-483FA467FC0E}
		{609CF1AD-5870-469B-BF0D-59ABFCC593E9} = {6EA83ACC-BD58-4C90-A864-483FA467FC0E}
		{4D70A990-2008-4280-B4AB-518883808CBC} = {55016071-B162-4020-A7D5-A7348AC26913}
		{8AE9542A-19D7-409E-A693-49CF1F7E9305} = {55016071-B162-4020-A7D5-A7348AC26913}
		{259A0D41-6EE5-42A3-867F-DF652EFAE055} = {55016071-B162-4020-A7D5-A7348AC26913}
		{7D87BADC-DF44-4718-A994-A315B9B41730} = {55016071-B162-4020-A7D5-A7348AC26913}
		{7E4C7BD0-8E86-43EA-8D5F-FFE8333D4520} = {6954F914-C3AC-4946-9EC6-B9F9804C9E27}
	EndGlobalSection
	GlobalSection(ExtensibilityGlobals) = postSolution
		SolutionGuid = {2ECEBA31-4C9B-404F-8206-896B6A0BA8ED}
	EndGlobalSection
EndGlobal
